Microsoft Visual Studio Solution File, Format Version 12.00
# 
Project("{2150E333-8FDC-42A3-9474-1A3956D46DE8}") = "Solution Items", "Solution Items", "{B283EBC2-E01F-412D-9339-FD56EF114549}"
	ProjectSection(SolutionItems) = preProject
		..\..\..\..\Directory.Build.props = ..\..\..\..\Directory.Build.props
		..\..\..\..\Directory.Build.targets = ..\..\..\..\Directory.Build.targets
		..\..\..\..\global.json = ..\..\..\..\global.json
		..\..\..\..\Packages\Versions.Local.props = ..\..\..\..\Packages\Versions.Local.props
	EndProjectSection
EndProject
Project("{FAE04EC0-301F-11D3-BF4B-00C04F79EFBC}") = "Dgmjr.MediatR.Queries.Abstractions", "..\Queries.Abstractions\Dgmjr.MediatR.Queries.Abstractions.csproj", "{3EC8D718-F9B3-4BC9-B716-655B1559F81F}"
EndProject
Project("{FAE04EC0-301F-11D3-BF4B-00C04F79EFBC}") = "Dgmjr.MediatR.Queries", "Dgmjr.MediatR.Queries.csproj", "{DEE0E6B3-8797-43DB-A52E-B7D9A338B957}"
EndProject
Global
	GlobalSection(SolutionConfigurationPlatforms) = preSolution
		Local|Any CPU = Local|Any CPU
		Debug|Any CPU = Debug|Any CPU
		Testing|Any CPU = Testing|Any CPU
		Staging|Any CPU = Staging|Any CPU
		Production|Any CPU = Production|Any CPU
		Release|Any CPU = Release|Any CPU
	EndGlobalSection
	GlobalSection(ProjectConfigurationPlatforms) = postSolution
		{3EC8D718-F9B3-4BC9-B716-655B1559F81F}.Local|Any CPU.ActiveCfg = Local|Any CPU
		{3EC8D718-F9B3-4BC9-B716-655B1559F81F}.Local|Any CPU.Build.0 = Local|Any CPU
		{3EC8D718-F9B3-4BC9-B716-655B1559F81F}.Debug|Any CPU.ActiveCfg = Debug|Any CPU
		{3EC8D718-F9B3-4BC9-B716-655B1559F81F}.Debug|Any CPU.Build.0 = Debug|Any CPU
		{3EC8D718-F9B3-4BC9-B716-655B1559F81F}.Testing|Any CPU.ActiveCfg = Testing|Any CPU
		{3EC8D718-F9B3-4BC9-B716-655B1559F81F}.Testing|Any CPU.Build.0 = Testing|Any CPU
		{3EC8D718-F9B3-4BC9-B716-655B1559F81F}.Staging|Any CPU.ActiveCfg = Staging|Any CPU
		{3EC8D718-F9B3-4BC9-B716-655B1559F81F}.Staging|Any CPU.Build.0 = Staging|Any CPU
		{3EC8D718-F9B3-4BC9-B716-655B1559F81F}.Production|Any CPU.ActiveCfg = Local|Any CPU
		{3EC8D718-F9B3-4BC9-B716-655B1559F81F}.Production|Any CPU.Build.0 = Local|Any CPU
		{3EC8D718-F9B3-4BC9-B716-655B1559F81F}.Release|Any CPU.ActiveCfg = Release|Any CPU
		{3EC8D718-F9B3-4BC9-B716-655B1559F81F}.Release|Any CPU.Build.0 = Release|Any CPU
		{DEE0E6B3-8797-43DB-A52E-B7D9A338B957}.Local|Any CPU.ActiveCfg = Local|Any CPU
		{DEE0E6B3-8797-43DB-A52E-B7D9A338B957}.Local|Any CPU.Build.0 = Local|Any CPU
		{DEE0E6B3-8797-43DB-A52E-B7D9A338B957}.Debug|Any CPU.ActiveCfg = Debug|Any CPU
		{DEE0E6B3-8797-43DB-A52E-B7D9A338B957}.Debug|Any CPU.Build.0 = Debug|Any CPU
		{DEE0E6B3-8797-43DB-A52E-B7D9A338B957}.Testing|Any CPU.ActiveCfg = Testing|Any CPU
		{DEE0E6B3-8797-43DB-A52E-B7D9A338B957}.Testing|Any CPU.Build.0 = Testing|Any CPU
		{DEE0E6B3-8797-43DB-A52E-B7D9A338B957}.Staging|Any CPU.ActiveCfg = Staging|Any CPU
		{DEE0E6B3-8797-43DB-A52E-B7D9A338B957}.Staging|Any CPU.Build.0 = Staging|Any CPU
		{DEE0E6B3-8797-43DB-A52E-B7D9A338B957}.Production|Any CPU.ActiveCfg = Local|Any CPU
		{DEE0E6B3-8797-43DB-A52E-B7D9A338B957}.Production|Any CPU.Build.0 = Local|Any CPU
		{DEE0E6B3-8797-43DB-A52E-B7D9A338B957}.Release|Any CPU.ActiveCfg = Release|Any CPU
		{DEE0E6B3-8797-43DB-A52E-B7D9A338B957}.Release|Any CPU.Build.0 = Release|Any CPU
	EndGlobalSection
	GlobalSection(SolutionProperties) = preSolution
		HideSolutionNode = FALSE
	EndGlobalSection
	GlobalSection(ExtensibilityGlobals) = postSolution
		SolutionGuid = {D5D15FA2-D767-4BE0-9CA2-454939DBDD3B}
	EndGlobalSection
EndGlobal
