Microsoft Visual Studio Solution File, Format Version 12.00
# 
Project("{2150E333-8FDC-42A3-9474-1A3956D46DE8}") = "Solution Items", "Solution Items", "{B283EBC2-E01F-412D-9339-FD56EF114549}"
	ProjectSection(SolutionItems) = preProject
		..\..\..\..\Directory.Build.props = ..\..\..\..\Directory.Build.props
		..\..\..\..\Directory.Build.targets = ..\..\..\..\Directory.Build.targets
		..\..\..\..\global.json = ..\..\..\..\global.json
		..\..\..\..\Packages\Versions.Local.props = ..\..\..\..\Packages\Versions.Local.props
	EndProjectSection
EndProject
Project("{FAE04EC0-301F-11D3-BF4B-00C04F79EFBC}") = "Dgmjr.MediatR.Abstractions", "..\Abstractions\Dgmjr.MediatR.Abstractions.csproj", "{E4976D65-6825-4A23-BFF7-8B569C74345A}"
EndProject
Project("{FAE04EC0-301F-11D3-BF4B-00C04F79EFBC}") = "Dgmjr.MediatR.Commands.Abstractions", "..\Commands.Abstractions\Dgmjr.MediatR.Commands.Abstractions.csproj", "{66B7FE9B-5B3D-4A9D-B921-6FC358D9FD67}"
EndProject
Project("{FAE04EC0-301F-11D3-BF4B-00C04F79EFBC}") = "Dgmjr.MediatR.Commands", "..\Commands\Dgmjr.MediatR.Commands.csproj", "{E3BCF59D-C7A8-4F38-A9B6-881B2EFBCF67}"
EndProject
Project("{FAE04EC0-301F-11D3-BF4B-00C04F79EFBC}") = "Dgmjr.MediatR.Notifications.Abstractions", "..\Notifications.Abstractions\Dgmjr.MediatR.Notifications.Abstractions.csproj", "{B5948ACB-C1B8-4837-B1FE-7A7FB6DE3877}"
EndProject
Project("{FAE04EC0-301F-11D3-BF4B-00C04F79EFBC}") = "Dgmjr.MediatR.Notifications", "..\Notifications\Dgmjr.MediatR.Notifications.csproj", "{044E9128-3A4C-4390-808B-33A5C54C17DE}"
EndProject
Project("{FAE04EC0-301F-11D3-BF4B-00C04F79EFBC}") = "Dgmjr.MediatR.Handlers.Abstractions", "..\Handlers.Abstractions\Dgmjr.MediatR.Handlers.Abstractions.csproj", "{5F2B313A-47BF-41A2-847D-7E47A74DA811}"
EndProject
Project("{FAE04EC0-301F-11D3-BF4B-00C04F79EFBC}") = "Dgmjr.MediatR.Handlers", "..\Handlers\Dgmjr.MediatR.Handlers.csproj", "{5CEED9A7-EA7A-4FDE-9912-B65368C34F17}"
EndProject
Project("{FAE04EC0-301F-11D3-BF4B-00C04F79EFBC}") = "Dgmjr.MediatR.Queries.Abstractions", "..\Queries.Abstractions\Dgmjr.MediatR.Queries.Abstractions.csproj", "{6E04F215-0EEA-4670-89B4-A200DB7FB453}"
EndProject
Project("{FAE04EC0-301F-11D3-BF4B-00C04F79EFBC}") = "Dgmjr.MediatR.Queries", "..\Queries\Dgmjr.MediatR.Queries.csproj", "{82687851-7047-4975-8045-2E4177E10BA8}"
EndProject
Project("{FAE04EC0-301F-11D3-BF4B-00C04F79EFBC}") = "Dgmjr.MediatR", "Dgmjr.MediatR.csproj", "{74F57AB1-5BA2-4638-BA26-C7AB0299F866}"
EndProject
Global
	GlobalSection(SolutionConfigurationPlatforms) = preSolution
		Local|Any CPU = Local|Any CPU
		Debug|Any CPU = Debug|Any CPU
		Testing|Any CPU = Testing|Any CPU
		Staging|Any CPU = Staging|Any CPU
		Production|Any CPU = Production|Any CPU
		Release|Any CPU = Release|Any CPU
	EndGlobalSection
	GlobalSection(ProjectConfigurationPlatforms) = postSolution
		{E4976D65-6825-4A23-BFF7-8B569C74345A}.Local|Any CPU.ActiveCfg = Local|Any CPU
		{E4976D65-6825-4A23-BFF7-8B569C74345A}.Local|Any CPU.Build.0 = Local|Any CPU
		{E4976D65-6825-4A23-BFF7-8B569C74345A}.Debug|Any CPU.ActiveCfg = Debug|Any CPU
		{E4976D65-6825-4A23-BFF7-8B569C74345A}.Debug|Any CPU.Build.0 = Debug|Any CPU
		{E4976D65-6825-4A23-BFF7-8B569C74345A}.Testing|Any CPU.ActiveCfg = Testing|Any CPU
		{E4976D65-6825-4A23-BFF7-8B569C74345A}.Testing|Any CPU.Build.0 = Testing|Any CPU
		{E4976D65-6825-4A23-BFF7-8B569C74345A}.Staging|Any CPU.ActiveCfg = Staging|Any CPU
		{E4976D65-6825-4A23-BFF7-8B569C74345A}.Staging|Any CPU.Build.0 = Staging|Any CPU
		{E4976D65-6825-4A23-BFF7-8B569C74345A}.Production|Any CPU.ActiveCfg = Local|Any CPU
		{E4976D65-6825-4A23-BFF7-8B569C74345A}.Production|Any CPU.Build.0 = Local|Any CPU
		{E4976D65-6825-4A23-BFF7-8B569C74345A}.Release|Any CPU.ActiveCfg = Release|Any CPU
		{E4976D65-6825-4A23-BFF7-8B569C74345A}.Release|Any CPU.Build.0 = Release|Any CPU
		{66B7FE9B-5B3D-4A9D-B921-6FC358D9FD67}.Local|Any CPU.ActiveCfg = Local|Any CPU
		{66B7FE9B-5B3D-4A9D-B921-6FC358D9FD67}.Local|Any CPU.Build.0 = Local|Any CPU
		{66B7FE9B-5B3D-4A9D-B921-6FC358D9FD67}.Debug|Any CPU.ActiveCfg = Debug|Any CPU
		{66B7FE9B-5B3D-4A9D-B921-6FC358D9FD67}.Debug|Any CPU.Build.0 = Debug|Any CPU
		{66B7FE9B-5B3D-4A9D-B921-6FC358D9FD67}.Testing|Any CPU.ActiveCfg = Testing|Any CPU
		{66B7FE9B-5B3D-4A9D-B921-6FC358D9FD67}.Testing|Any CPU.Build.0 = Testing|Any CPU
		{66B7FE9B-5B3D-4A9D-B921-6FC358D9FD67}.Staging|Any CPU.ActiveCfg = Staging|Any CPU
		{66B7FE9B-5B3D-4A9D-B921-6FC358D9FD67}.Staging|Any CPU.Build.0 = Staging|Any CPU
		{66B7FE9B-5B3D-4A9D-B921-6FC358D9FD67}.Production|Any CPU.ActiveCfg = Local|Any CPU
		{66B7FE9B-5B3D-4A9D-B921-6FC358D9FD67}.Production|Any CPU.Build.0 = Local|Any CPU
		{66B7FE9B-5B3D-4A9D-B921-6FC358D9FD67}.Release|Any CPU.ActiveCfg = Release|Any CPU
		{66B7FE9B-5B3D-4A9D-B921-6FC358D9FD67}.Release|Any CPU.Build.0 = Release|Any CPU
		{E3BCF59D-C7A8-4F38-A9B6-881B2EFBCF67}.Local|Any CPU.ActiveCfg = Local|Any CPU
		{E3BCF59D-C7A8-4F38-A9B6-881B2EFBCF67}.Local|Any CPU.Build.0 = Local|Any CPU
		{E3BCF59D-C7A8-4F38-A9B6-881B2EFBCF67}.Debug|Any CPU.ActiveCfg = Debug|Any CPU
		{E3BCF59D-C7A8-4F38-A9B6-881B2EFBCF67}.Debug|Any CPU.Build.0 = Debug|Any CPU
		{E3BCF59D-C7A8-4F38-A9B6-881B2EFBCF67}.Testing|Any CPU.ActiveCfg = Testing|Any CPU
		{E3BCF59D-C7A8-4F38-A9B6-881B2EFBCF67}.Testing|Any CPU.Build.0 = Testing|Any CPU
		{E3BCF59D-C7A8-4F38-A9B6-881B2EFBCF67}.Staging|Any CPU.ActiveCfg = Staging|Any CPU
		{E3BCF59D-C7A8-4F38-A9B6-881B2EFBCF67}.Staging|Any CPU.Build.0 = Staging|Any CPU
		{E3BCF59D-C7A8-4F38-A9B6-881B2EFBCF67}.Production|Any CPU.ActiveCfg = Local|Any CPU
		{E3BCF59D-C7A8-4F38-A9B6-881B2EFBCF67}.Production|Any CPU.Build.0 = Local|Any CPU
		{E3BCF59D-C7A8-4F38-A9B6-881B2EFBCF67}.Release|Any CPU.ActiveCfg = Release|Any CPU
		{E3BCF59D-C7A8-4F38-A9B6-881B2EFBCF67}.Release|Any CPU.Build.0 = Release|Any CPU
		{B5948ACB-C1B8-4837-B1FE-7A7FB6DE3877}.Local|Any CPU.ActiveCfg = Local|Any CPU
		{B5948ACB-C1B8-4837-B1FE-7A7FB6DE3877}.Local|Any CPU.Build.0 = Local|Any CPU
		{B5948ACB-C1B8-4837-B1FE-7A7FB6DE3877}.Debug|Any CPU.ActiveCfg = Debug|Any CPU
		{B5948ACB-C1B8-4837-B1FE-7A7FB6DE3877}.Debug|Any CPU.Build.0 = Debug|Any CPU
		{B5948ACB-C1B8-4837-B1FE-7A7FB6DE3877}.Testing|Any CPU.ActiveCfg = Testing|Any CPU
		{B5948ACB-C1B8-4837-B1FE-7A7FB6DE3877}.Testing|Any CPU.Build.0 = Testing|Any CPU
		{B5948ACB-C1B8-4837-B1FE-7A7FB6DE3877}.Staging|Any CPU.ActiveCfg = Staging|Any CPU
		{B5948ACB-C1B8-4837-B1FE-7A7FB6DE3877}.Staging|Any CPU.Build.0 = Staging|Any CPU
		{B5948ACB-C1B8-4837-B1FE-7A7FB6DE3877}.Production|Any CPU.ActiveCfg = Local|Any CPU
		{B5948ACB-C1B8-4837-B1FE-7A7FB6DE3877}.Production|Any CPU.Build.0 = Local|Any CPU
		{B5948ACB-C1B8-4837-B1FE-7A7FB6DE3877}.Release|Any CPU.ActiveCfg = Release|Any CPU
		{B5948ACB-C1B8-4837-B1FE-7A7FB6DE3877}.Release|Any CPU.Build.0 = Release|Any CPU
		{044E9128-3A4C-4390-808B-33A5C54C17DE}.Local|Any CPU.ActiveCfg = Local|Any CPU
		{044E9128-3A4C-4390-808B-33A5C54C17DE}.Local|Any CPU.Build.0 = Local|Any CPU
		{044E9128-3A4C-4390-808B-33A5C54C17DE}.Debug|Any CPU.ActiveCfg = Debug|Any CPU
		{044E9128-3A4C-4390-808B-33A5C54C17DE}.Debug|Any CPU.Build.0 = Debug|Any CPU
		{044E9128-3A4C-4390-808B-33A5C54C17DE}.Testing|Any CPU.ActiveCfg = Testing|Any CPU
		{044E9128-3A4C-4390-808B-33A5C54C17DE}.Testing|Any CPU.Build.0 = Testing|Any CPU
		{044E9128-3A4C-4390-808B-33A5C54C17DE}.Staging|Any CPU.ActiveCfg = Staging|Any CPU
		{044E9128-3A4C-4390-808B-33A5C54C17DE}.Staging|Any CPU.Build.0 = Staging|Any CPU
		{044E9128-3A4C-4390-808B-33A5C54C17DE}.Production|Any CPU.ActiveCfg = Local|Any CPU
		{044E9128-3A4C-4390-808B-33A5C54C17DE}.Production|Any CPU.Build.0 = Local|Any CPU
		{044E9128-3A4C-4390-808B-33A5C54C17DE}.Release|Any CPU.ActiveCfg = Release|Any CPU
		{044E9128-3A4C-4390-808B-33A5C54C17DE}.Release|Any CPU.Build.0 = Release|Any CPU
		{5F2B313A-47BF-41A2-847D-7E47A74DA811}.Local|Any CPU.ActiveCfg = Local|Any CPU
		{5F2B313A-47BF-41A2-847D-7E47A74DA811}.Local|Any CPU.Build.0 = Local|Any CPU
		{5F2B313A-47BF-41A2-847D-7E47A74DA811}.Debug|Any CPU.ActiveCfg = Debug|Any CPU
		{5F2B313A-47BF-41A2-847D-7E47A74DA811}.Debug|Any CPU.Build.0 = Debug|Any CPU
		{5F2B313A-47BF-41A2-847D-7E47A74DA811}.Testing|Any CPU.ActiveCfg = Testing|Any CPU
		{5F2B313A-47BF-41A2-847D-7E47A74DA811}.Testing|Any CPU.Build.0 = Testing|Any CPU
		{5F2B313A-47BF-41A2-847D-7E47A74DA811}.Staging|Any CPU.ActiveCfg = Staging|Any CPU
		{5F2B313A-47BF-41A2-847D-7E47A74DA811}.Staging|Any CPU.Build.0 = Staging|Any CPU
		{5F2B313A-47BF-41A2-847D-7E47A74DA811}.Production|Any CPU.ActiveCfg = Local|Any CPU
		{5F2B313A-47BF-41A2-847D-7E47A74DA811}.Production|Any CPU.Build.0 = Local|Any CPU
		{5F2B313A-47BF-41A2-847D-7E47A74DA811}.Release|Any CPU.ActiveCfg = Release|Any CPU
		{5F2B313A-47BF-41A2-847D-7E47A74DA811}.Release|Any CPU.Build.0 = Release|Any CPU
		{5CEED9A7-EA7A-4FDE-9912-B65368C34F17}.Local|Any CPU.ActiveCfg = Local|Any CPU
		{5CEED9A7-EA7A-4FDE-9912-B65368C34F17}.Local|Any CPU.Build.0 = Local|Any CPU
		{5CEED9A7-EA7A-4FDE-9912-B65368C34F17}.Debug|Any CPU.ActiveCfg = Debug|Any CPU
		{5CEED9A7-EA7A-4FDE-9912-B65368C34F17}.Debug|Any CPU.Build.0 = Debug|Any CPU
		{5CEED9A7-EA7A-4FDE-9912-B65368C34F17}.Testing|Any CPU.ActiveCfg = Testing|Any CPU
		{5CEED9A7-EA7A-4FDE-9912-B65368C34F17}.Testing|Any CPU.Build.0 = Testing|Any CPU
		{5CEED9A7-EA7A-4FDE-9912-B65368C34F17}.Staging|Any CPU.ActiveCfg = Staging|Any CPU
		{5CEED9A7-EA7A-4FDE-9912-B65368C34F17}.Staging|Any CPU.Build.0 = Staging|Any CPU
		{5CEED9A7-EA7A-4FDE-9912-B65368C34F17}.Production|Any CPU.ActiveCfg = Local|Any CPU
		{5CEED9A7-EA7A-4FDE-9912-B65368C34F17}.Production|Any CPU.Build.0 = Local|Any CPU
		{5CEED9A7-EA7A-4FDE-9912-B65368C34F17}.Release|Any CPU.ActiveCfg = Release|Any CPU
		{5CEED9A7-EA7A-4FDE-9912-B65368C34F17}.Release|Any CPU.Build.0 = Release|Any CPU
		{6E04F215-0EEA-4670-89B4-A200DB7FB453}.Local|Any CPU.ActiveCfg = Local|Any CPU
		{6E04F215-0EEA-4670-89B4-A200DB7FB453}.Local|Any CPU.Build.0 = Local|Any CPU
		{6E04F215-0EEA-4670-89B4-A200DB7FB453}.Debug|Any CPU.ActiveCfg = Debug|Any CPU
		{6E04F215-0EEA-4670-89B4-A200DB7FB453}.Debug|Any CPU.Build.0 = Debug|Any CPU
		{6E04F215-0EEA-4670-89B4-A200DB7FB453}.Testing|Any CPU.ActiveCfg = Testing|Any CPU
		{6E04F215-0EEA-4670-89B4-A200DB7FB453}.Testing|Any CPU.Build.0 = Testing|Any CPU
		{6E04F215-0EEA-4670-89B4-A200DB7FB453}.Staging|Any CPU.ActiveCfg = Staging|Any CPU
		{6E04F215-0EEA-4670-89B4-A200DB7FB453}.Staging|Any CPU.Build.0 = Staging|Any CPU
		{6E04F215-0EEA-4670-89B4-A200DB7FB453}.Production|Any CPU.ActiveCfg = Local|Any CPU
		{6E04F215-0EEA-4670-89B4-A200DB7FB453}.Production|Any CPU.Build.0 = Local|Any CPU
		{6E04F215-0EEA-4670-89B4-A200DB7FB453}.Release|Any CPU.ActiveCfg = Release|Any CPU
		{6E04F215-0EEA-4670-89B4-A200DB7FB453}.Release|Any CPU.Build.0 = Release|Any CPU
		{82687851-7047-4975-8045-2E4177E10BA8}.Local|Any CPU.ActiveCfg = Local|Any CPU
		{82687851-7047-4975-8045-2E4177E10BA8}.Local|Any CPU.Build.0 = Local|Any CPU
		{82687851-7047-4975-8045-2E4177E10BA8}.Debug|Any CPU.ActiveCfg = Debug|Any CPU
		{82687851-7047-4975-8045-2E4177E10BA8}.Debug|Any CPU.Build.0 = Debug|Any CPU
		{82687851-7047-4975-8045-2E4177E10BA8}.Testing|Any CPU.ActiveCfg = Testing|Any CPU
		{82687851-7047-4975-8045-2E4177E10BA8}.Testing|Any CPU.Build.0 = Testing|Any CPU
		{82687851-7047-4975-8045-2E4177E10BA8}.Staging|Any CPU.ActiveCfg = Staging|Any CPU
		{82687851-7047-4975-8045-2E4177E10BA8}.Staging|Any CPU.Build.0 = Staging|Any CPU
		{82687851-7047-4975-8045-2E4177E10BA8}.Production|Any CPU.ActiveCfg = Local|Any CPU
		{82687851-7047-4975-8045-2E4177E10BA8}.Production|Any CPU.Build.0 = Local|Any CPU
		{82687851-7047-4975-8045-2E4177E10BA8}.Release|Any CPU.ActiveCfg = Release|Any CPU
		{82687851-7047-4975-8045-2E4177E10BA8}.Release|Any CPU.Build.0 = Release|Any CPU
		{74F57AB1-5BA2-4638-BA26-C7AB0299F866}.Local|Any CPU.ActiveCfg = Local|Any CPU
		{74F57AB1-5BA2-4638-BA26-C7AB0299F866}.Local|Any CPU.Build.0 = Local|Any CPU
		{74F57AB1-5BA2-4638-BA26-C7AB0299F866}.Debug|Any CPU.ActiveCfg = Debug|Any CPU
		{74F57AB1-5BA2-4638-BA26-C7AB0299F866}.Debug|Any CPU.Build.0 = Debug|Any CPU
		{74F57AB1-5BA2-4638-BA26-C7AB0299F866}.Testing|Any CPU.ActiveCfg = Testing|Any CPU
		{74F57AB1-5BA2-4638-BA26-C7AB0299F866}.Testing|Any CPU.Build.0 = Testing|Any CPU
		{74F57AB1-5BA2-4638-BA26-C7AB0299F866}.Staging|Any CPU.ActiveCfg = Staging|Any CPU
		{74F57AB1-5BA2-4638-BA26-C7AB0299F866}.Staging|Any CPU.Build.0 = Staging|Any CPU
		{74F57AB1-5BA2-4638-BA26-C7AB0299F866}.Production|Any CPU.ActiveCfg = Local|Any CPU
		{74F57AB1-5BA2-4638-BA26-C7AB0299F866}.Production|Any CPU.Build.0 = Local|Any CPU
		{74F57AB1-5BA2-4638-BA26-C7AB0299F866}.Release|Any CPU.ActiveCfg = Release|Any CPU
		{74F57AB1-5BA2-4638-BA26-C7AB0299F866}.Release|Any CPU.Build.0 = Release|Any CPU
	EndGlobalSection
	GlobalSection(SolutionProperties) = preSolution
		HideSolutionNode = FALSE
	EndGlobalSection
	GlobalSection(ExtensibilityGlobals) = postSolution
		SolutionGuid = {EE189320-54E4-4FB5-8FA7-105726D847EF}
	EndGlobalSection
EndGlobal
