Microsoft Visual Studio Solution File, Format Version 12.00
# 
Project("{2150E333-8FDC-42A3-9474-1A3956D46DE8}") = "Solution Items", "Solution Items", "{B283EBC2-E01F-412D-9339-FD56EF114549}"
	ProjectSection(SolutionItems) = preProject
		..\..\..\..\Directory.Build.props = ..\..\..\..\Directory.Build.props
		..\..\..\..\Directory.Build.targets = ..\..\..\..\Directory.Build.targets
		..\..\..\..\global.json = ..\..\..\..\global.json
		..\..\..\..\Packages\Versions.Local.props = ..\..\..\..\Packages\Versions.Local.props
	EndProjectSection
EndProject
Project("{FAE04EC0-301F-11D3-BF4B-00C04F79EFBC}") = "Dgmjr.MediatR.Commands.Abstractions", "Dgmjr.MediatR.Commands.Abstractions.csproj", "{C4E4AFD2-602C-42BE-854B-1119E6502092}"
EndProject
Global
	GlobalSection(SolutionConfigurationPlatforms) = preSolution
		Local|Any CPU = Local|Any CPU
		Debug|Any CPU = Debug|Any CPU
		Testing|Any CPU = Testing|Any CPU
		Staging|Any CPU = Staging|Any CPU
		Production|Any CPU = Production|Any CPU
		Release|Any CPU = Release|Any CPU
	EndGlobalSection
	GlobalSection(ProjectConfigurationPlatforms) = postSolution
		{C4E4AFD2-602C-42BE-854B-1119E6502092}.Local|Any CPU.ActiveCfg = Local|Any CPU
		{C4E4AFD2-602C-42BE-854B-1119E6502092}.Local|Any CPU.Build.0 = Local|Any CPU
		{C4E4AFD2-602C-42BE-854B-1119E6502092}.Debug|Any CPU.ActiveCfg = Debug|Any CPU
		{C4E4AFD2-602C-42BE-854B-1119E6502092}.Debug|Any CPU.Build.0 = Debug|Any CPU
		{C4E4AFD2-602C-42BE-854B-1119E6502092}.Testing|Any CPU.ActiveCfg = Testing|Any CPU
		{C4E4AFD2-602C-42BE-854B-1119E6502092}.Testing|Any CPU.Build.0 = Testing|Any CPU
		{C4E4AFD2-602C-42BE-854B-1119E6502092}.Staging|Any CPU.ActiveCfg = Staging|Any CPU
		{C4E4AFD2-602C-42BE-854B-1119E6502092}.Staging|Any CPU.Build.0 = Staging|Any CPU
		{C4E4AFD2-602C-42BE-854B-1119E6502092}.Production|Any CPU.ActiveCfg = Local|Any CPU
		{C4E4AFD2-602C-42BE-854B-1119E6502092}.Production|Any CPU.Build.0 = Local|Any CPU
		{C4E4AFD2-602C-42BE-854B-1119E6502092}.Release|Any CPU.ActiveCfg = Release|Any CPU
		{C4E4AFD2-602C-42BE-854B-1119E6502092}.Release|Any CPU.Build.0 = Release|Any CPU
	EndGlobalSection
	GlobalSection(SolutionProperties) = preSolution
		HideSolutionNode = FALSE
	EndGlobalSection
	GlobalSection(ExtensibilityGlobals) = postSolution
		SolutionGuid = {800E7433-C8E9-441F-B826-2D173A9D1FF0}
	EndGlobalSection
EndGlobal
